PODS:
  - Kingfisher (7.6.2)
  - SnapKit (5.6.0)

DEPENDENCIES:
  - Kingfisher
  - SnapKit

SPEC REPOS:
  trunk:
    - Kingfisher
    - SnapKit

SPEC CHECKSUMS:
  Kingfisher: 6c5449c6450c5239166510ba04afe374a98afc4f
  SnapKit: e01d52ebb8ddbc333eefe2132acf85c8227d9c25

PODFILE CHECKSUM: 619ccb47411cdf37f886b87644873356b8298df5

COCOAPODS: 1.12.1
