// !$*UTF8*$!
{
	archiveVersion = 1;
	classes = {
	};
	objectVersion = 56;
	objects = {

/* Begin PBXBuildFile section */
		BD62DB862A39882E002ABA83 /* AppDelegate.swift in Sources */ = {isa = PBXBuildFile; fileRef = BD62DB852A39882E002ABA83 /* AppDelegate.swift */; };
		BD62DB882A39882E002ABA83 /* SceneDelegate.swift in Sources */ = {isa = PBXBuildFile; fileRef = BD62DB872A39882E002ABA83 /* SceneDelegate.swift */; };
		BD62DB8D2A39882E002ABA83 /* Main.storyboard in Resources */ = {isa = PBXBuildFile; fileRef = BD62DB8B2A39882E002ABA83 /* Main.storyboard */; };
		BD62DB8F2A39882F002ABA83 /* Assets.xcassets in Resources */ = {isa = PBXBuildFile; fileRef = BD62DB8E2A39882F002ABA83 /* Assets.xcassets */; };
		BD62DB922A39882F002ABA83 /* LaunchScreen.storyboard in Resources */ = {isa = PBXBuildFile; fileRef = BD62DB902A39882F002ABA83 /* LaunchScreen.storyboard */; };
		BD62DBA22A398A60002ABA83 /* MainTabController.swift in Sources */ = {isa = PBXBuildFile; fileRef = BD62DBA12A398A60002ABA83 /* MainTabController.swift */; };
		BD62DBA42A399229002ABA83 /* FeedController.swift in Sources */ = {isa = PBXBuildFile; fileRef = BD62DBA32A399229002ABA83 /* FeedController.swift */; };
		BD62DBA62A39928C002ABA83 /* ExploreController.swift in Sources */ = {isa = PBXBuildFile; fileRef = BD62DBA52A39928C002ABA83 /* ExploreController.swift */; };
		BD62DBA82A3992A0002ABA83 /* NotificationsController.swift in Sources */ = {isa = PBXBuildFile; fileRef = BD62DBA72A3992A0002ABA83 /* NotificationsController.swift */; };
		BD62DBAA2A3992B4002ABA83 /* ConversationsControllers.swift in Sources */ = {isa = PBXBuildFile; fileRef = BD62DBA92A3992B4002ABA83 /* ConversationsControllers.swift */; };
/* End PBXBuildFile section */

/* Begin PBXFileReference section */
		BD62DB822A39882E002ABA83 /* MeнTweet.app */ = {isa = PBXFileReference; explicitFileType = wrapper.application; includeInIndex = 0; path = "MeнTweet.app"; sourceTree = BUILT_PRODUCTS_DIR; };
		BD62DB852A39882E002ABA83 /* AppDelegate.swift */ = {isa = PBXFileReference; lastKnownFileType = sourcecode.swift; path = AppDelegate.swift; sourceTree = "<group>"; };
		BD62DB872A39882E002ABA83 /* SceneDelegate.swift */ = {isa = PBXFileReference; lastKnownFileType = sourcecode.swift; path = SceneDelegate.swift; sourceTree = "<group>"; };
		BD62DB8C2A39882E002ABA83 /* Base */ = {isa = PBXFileReference; lastKnownFileType = file.storyboard; name = Base; path = Base.lproj/Main.storyboard; sourceTree = "<group>"; };
		BD62DB8E2A39882F002ABA83 /* Assets.xcassets */ = {isa = PBXFileReference; lastKnownFileType = folder.assetcatalog; path = Assets.xcassets; sourceTree = "<group>"; };
		BD62DB912A39882F002ABA83 /* Base */ = {isa = PBXFileReference; lastKnownFileType = file.storyboard; name = Base; path = Base.lproj/LaunchScreen.storyboard; sourceTree = "<group>"; };
		BD62DB932A39882F002ABA83 /* Info.plist */ = {isa = PBXFileReference; lastKnownFileType = text.plist.xml; path = Info.plist; sourceTree = "<group>"; };
		BD62DBA12A398A60002ABA83 /* MainTabController.swift */ = {isa = PBXFileReference; lastKnownFileType = sourcecode.swift; path = MainTabController.swift; sourceTree = "<group>"; };
		BD62DBA32A399229002ABA83 /* FeedController.swift */ = {isa = PBXFileReference; lastKnownFileType = sourcecode.swift; path = FeedController.swift; sourceTree = "<group>"; };
		BD62DBA52A39928C002ABA83 /* ExploreController.swift */ = {isa = PBXFileReference; lastKnownFileType = sourcecode.swift; path = ExploreController.swift; sourceTree = "<group>"; };
		BD62DBA72A3992A0002ABA83 /* NotificationsController.swift */ = {isa = PBXFileReference; lastKnownFileType = sourcecode.swift; path = NotificationsController.swift; sourceTree = "<group>"; };
		BD62DBA92A3992B4002ABA83 /* ConversationsControllers.swift */ = {isa = PBXFileReference; lastKnownFileType = sourcecode.swift; path = ConversationsControllers.swift; sourceTree = "<group>"; };
/* End PBXFileReference section */

/* Begin PBXFrameworksBuildPhase section */
		BD62DB7F2A39882E002ABA83 /* Frameworks */ = {
			isa = PBXFrameworksBuildPhase;
			buildActionMask = 2147483647;
			files = (
			);
			runOnlyForDeploymentPostprocessing = 0;
		};
/* End PBXFrameworksBuildPhase section */

/* Begin PBXGroup section */
		BD62DB792A39882E002ABA83 = {
			isa = PBXGroup;
			children = (
				BD62DB842A39882E002ABA83 /* MeнTweet */,
				BD62DB832A39882E002ABA83 /* Products */,
			);
			sourceTree = "<group>";
		};
		BD62DB832A39882E002ABA83 /* Products */ = {
			isa = PBXGroup;
			children = (
				BD62DB822A39882E002ABA83 /* MeнTweet.app */,
			);
			name = Products;
			sourceTree = "<group>";
		};
		BD62DB842A39882E002ABA83 /* MeнTweet */ = {
			isa = PBXGroup;
			children = (
				BD62DBA02A39885D002ABA83 /* Model */,
				BD62DB9F2A39885B002ABA83 /* View */,
				BD62DB9E2A398859002ABA83 /* ViewModel */,
				BD62DB9D2A398857002ABA83 /* Controller */,
				BD62DB9C2A398855002ABA83 /* API */,
				BD62DB992A398843002ABA83 /* Utils */,
				BD62DB852A39882E002ABA83 /* AppDelegate.swift */,
				BD62DB872A39882E002ABA83 /* SceneDelegate.swift */,
				BD62DB8B2A39882E002ABA83 /* Main.storyboard */,
				BD62DB8E2A39882F002ABA83 /* Assets.xcassets */,
				BD62DB902A39882F002ABA83 /* LaunchScreen.storyboard */,
				BD62DB932A39882F002ABA83 /* Info.plist */,
			);
			path = "MeнTweet";
			sourceTree = "<group>";
		};
		BD62DB992A398843002ABA83 /* Utils */ = {
			isa = PBXGroup;
			children = (
			);
			path = Utils;
			sourceTree = "<group>";
		};
		BD62DB9C2A398855002ABA83 /* API */ = {
			isa = PBXGroup;
			children = (
			);
			path = API;
			sourceTree = "<group>";
		};
		BD62DB9D2A398857002ABA83 /* Controller */ = {
			isa = PBXGroup;
			children = (
				BD62DBA12A398A60002ABA83 /* MainTabController.swift */,
				BD62DBA32A399229002ABA83 /* FeedController.swift */,
				BD62DBA52A39928C002ABA83 /* ExploreController.swift */,
				BD62DBA72A3992A0002ABA83 /* NotificationsController.swift */,
				BD62DBA92A3992B4002ABA83 /* ConversationsControllers.swift */,
			);
			path = Controller;
			sourceTree = "<group>";
		};
		BD62DB9E2A398859002ABA83 /* ViewModel */ = {
			isa = PBXGroup;
			children = (
			);
			path = ViewModel;
			sourceTree = "<group>";
		};
		BD62DB9F2A39885B002ABA83 /* View */ = {
			isa = PBXGroup;
			children = (
			);
			path = View;
			sourceTree = "<group>";
		};
		BD62DBA02A39885D002ABA83 /* Model */ = {
			isa = PBXGroup;
			children = (
			);
			path = Model;
			sourceTree = "<group>";
		};
/* End PBXGroup section */

/* Begin PBXNativeTarget section */
		BD62DB812A39882E002ABA83 /* MeнTweet */ = {
			isa = PBXNativeTarget;
			buildConfigurationList = BD62DB962A39882F002ABA83 /* Build configuration list for PBXNativeTarget "MeнTweet" */;
			buildPhases = (
				BD62DB7E2A39882E002ABA83 /* Sources */,
				BD62DB7F2A39882E002ABA83 /* Frameworks */,
				BD62DB802A39882E002ABA83 /* Resources */,
			);
			buildRules = (
			);
			dependencies = (
			);
			name = "MeнTweet";
			productName = "MeнTweet";
			productReference = BD62DB822A39882E002ABA83 /* MeнTweet.app */;
			productType = "com.apple.product-type.application";
		};
/* End PBXNativeTarget section */

/* Begin PBXProject section */
		BD62DB7A2A39882E002ABA83 /* Project object */ = {
			isa = PBXProject;
			attributes = {
				BuildIndependentTargetsInParallel = 1;
				LastSwiftUpdateCheck = 1420;
				LastUpgradeCheck = 1420;
				TargetAttributes = {
					BD62DB812A39882E002ABA83 = {
						CreatedOnToolsVersion = 14.2;
					};
				};
			};
			buildConfigurationList = BD62DB7D2A39882E002ABA83 /* Build configuration list for PBXProject "MeнTweet" */;
			compatibilityVersion = "Xcode 14.0";
			developmentRegion = en;
			hasScannedForEncodings = 0;
			knownRegions = (
				en,
				Base,
			);
			mainGroup = BD62DB792A39882E002ABA83;
			productRefGroup = BD62DB832A39882E002ABA83 /* Products */;
			projectDirPath = "";
			projectRoot = "";
			targets = (
				BD62DB812A39882E002ABA83 /* MeнTweet */,
			);
		};
/* End PBXProject section */

/* Begin PBXResourcesBuildPhase section */
		BD62DB802A39882E002ABA83 /* Resources */ = {
			isa = PBXResourcesBuildPhase;
			buildActionMask = 2147483647;
			files = (
				BD62DB922A39882F002ABA83 /* LaunchScreen.storyboard in Resources */,
				BD62DB8F2A39882F002ABA83 /* Assets.xcassets in Resources */,
				BD62DB8D2A39882E002ABA83 /* Main.storyboard in Resources */,
			);
			runOnlyForDeploymentPostprocessing = 0;
		};
/* End PBXResourcesBuildPhase section */

/* Begin PBXSourcesBuildPhase section */
		BD62DB7E2A39882E002ABA83 /* Sources */ = {
			isa = PBXSourcesBuildPhase;
			buildActionMask = 2147483647;
			files = (
				BD62DBA82A3992A0002ABA83 /* NotificationsController.swift in Sources */,
				BD62DB862A39882E002ABA83 /* AppDelegate.swift in Sources */,
				BD62DBAA2A3992B4002ABA83 /* ConversationsControllers.swift in Sources */,
				BD62DBA62A39928C002ABA83 /* ExploreController.swift in Sources */,
				BD62DB882A39882E002ABA83 /* SceneDelegate.swift in Sources */,
				BD62DBA22A398A60002ABA83 /* MainTabController.swift in Sources */,
				BD62DBA42A399229002ABA83 /* FeedController.swift in Sources */,
			);
			runOnlyForDeploymentPostprocessing = 0;
		};
/* End PBXSourcesBuildPhase section */

/* Begin PBXVariantGroup section */
		BD62DB8B2A39882E002ABA83 /* Main.storyboard */ = {
			isa = PBXVariantGroup;
			children = (
				BD62DB8C2A39882E002ABA83 /* Base */,
			);
			name = Main.storyboard;
			sourceTree = "<group>";
		};
		BD62DB902A39882F002ABA83 /* LaunchScreen.storyboard */ = {
			isa = PBXVariantGroup;
			children = (
				BD62DB912A39882F002ABA83 /* Base */,
			);
			name = LaunchScreen.storyboard;
			sourceTree = "<group>";
		};
/* End PBXVariantGroup section */

/* Begin XCBuildConfiguration section */
		BD62DB942A39882F002ABA83 /* Debug */ = {
			isa = XCBuildConfiguration;
			buildSettings = {
				ALWAYS_SEARCH_USER_PATHS = NO;
				CLANG_ANALYZER_NONNULL = YES;
				CLANG_ANALYZER_NUMBER_OBJECT_CONVERSION = YES_AGGRESSIVE;
				CLANG_CXX_LANGUAGE_STANDARD = "gnu++20";
				CLANG_ENABLE_MODULES = YES;
				CLANG_ENABLE_OBJC_ARC = YES;
				CLANG_ENABLE_OBJC_WEAK = YES;
				CLANG_WARN_BLOCK_CAPTURE_AUTORELEASING = YES;
				CLANG_WARN_BOOL_CONVERSION = YES;
				CLANG_WARN_COMMA = YES;
				CLANG_WARN_CONSTANT_CONVERSION = YES;
				CLANG_WARN_DEPRECATED_OBJC_IMPLEMENTATIONS = YES;
				CLANG_WARN_DIRECT_OBJC_ISA_USAGE = YES_ERROR;
				CLANG_WARN_DOCUMENTATION_COMMENTS = YES;
				CLANG_WARN_EMPTY_BODY = YES;
				CLANG_WARN_ENUM_CONVERSION = YES;
				CLANG_WARN_INFINITE_RECURSION = YES;
				CLANG_WARN_INT_CONVERSION = YES;
				CLANG_WARN_NON_LITERAL_NULL_CONVERSION = YES;
				CLANG_WARN_OBJC_IMPLICIT_RETAIN_SELF = YES;
				CLANG_WARN_OBJC_LITERAL_CONVERSION = YES;
				CLANG_WARN_OBJC_ROOT_CLASS = YES_ERROR;
				CLANG_WARN_QUOTED_INCLUDE_IN_FRAMEWORK_HEADER = YES;
				CLANG_WARN_RANGE_LOOP_ANALYSIS = YES;
				CLANG_WARN_STRICT_PROTOTYPES = YES;
				CLANG_WARN_SUSPICIOUS_MOVE = YES;
				CLANG_WARN_UNGUARDED_AVAILABILITY = YES_AGGRESSIVE;
				CLANG_WARN_UNREACHABLE_CODE = YES;
				CLANG_WARN__DUPLICATE_METHOD_MATCH = YES;
				COPY_PHASE_STRIP = NO;
				DEBUG_INFORMATION_FORMAT = dwarf;
				ENABLE_STRICT_OBJC_MSGSEND = YES;
				ENABLE_TESTABILITY = YES;
				GCC_C_LANGUAGE_STANDARD = gnu11;
				GCC_DYNAMIC_NO_PIC = NO;
				GCC_NO_COMMON_BLOCKS = YES;
				GCC_OPTIMIZATION_LEVEL = 0;
				GCC_PREPROCESSOR_DEFINITIONS = (
					"DEBUG=1",
					"$(inherited)",
				);
				GCC_WARN_64_TO_32_BIT_CONVERSION = YES;
				GCC_WARN_ABOUT_RETURN_TYPE = YES_ERROR;
				GCC_WARN_UNDECLARED_SELECTOR = YES;
				GCC_WARN_UNINITIALIZED_AUTOS = YES_AGGRESSIVE;
				GCC_WARN_UNUSED_FUNCTION = YES;
				GCC_WARN_UNUSED_VARIABLE = YES;
				IPHONEOS_DEPLOYMENT_TARGET = 16.2;
				MTL_ENABLE_DEBUG_INFO = INCLUDE_SOURCE;
				MTL_FAST_MATH = YES;
				ONLY_ACTIVE_ARCH = YES;
				SDKROOT = iphoneos;
				SWIFT_ACTIVE_COMPILATION_CONDITIONS = DEBUG;
				SWIFT_OPTIMIZATION_LEVEL = "-Onone";
			};
			name = Debug;
		};
		BD62DB952A39882F002ABA83 /* Release */ = {
			isa = XCBuildConfiguration;
			buildSettings = {
				ALWAYS_SEARCH_USER_PATHS = NO;
				CLANG_ANALYZER_NONNULL = YES;
				CLANG_ANALYZER_NUMBER_OBJECT_CONVERSION = YES_AGGRESSIVE;
				CLANG_CXX_LANGUAGE_STANDARD = "gnu++20";
				CLANG_ENABLE_MODULES = YES;
				CLANG_ENABLE_OBJC_ARC = YES;
				CLANG_ENABLE_OBJC_WEAK = YES;
				CLANG_WARN_BLOCK_CAPTURE_AUTORELEASING = YES;
				CLANG_WARN_BOOL_CONVERSION = YES;
				CLANG_WARN_COMMA = YES;
				CLANG_WARN_CONSTANT_CONVERSION = YES;
				CLANG_WARN_DEPRECATED_OBJC_IMPLEMENTATIONS = YES;
				CLANG_WARN_DIRECT_OBJC_ISA_USAGE = YES_ERROR;
				CLANG_WARN_DOCUMENTATION_COMMENTS = YES;
				CLANG_WARN_EMPTY_BODY = YES;
				CLANG_WARN_ENUM_CONVERSION = YES;
				CLANG_WARN_INFINITE_RECURSION = YES;
				CLANG_WARN_INT_CONVERSION = YES;
				CLANG_WARN_NON_LITERAL_NULL_CONVERSION = YES;
				CLANG_WARN_OBJC_IMPLICIT_RETAIN_SELF = YES;
				CLANG_WARN_OBJC_LITERAL_CONVERSION = YES;
				CLANG_WARN_OBJC_ROOT_CLASS = YES_ERROR;
				CLANG_WARN_QUOTED_INCLUDE_IN_FRAMEWORK_HEADER = YES;
				CLANG_WARN_RANGE_LOOP_ANALYSIS = YES;
				CLANG_WARN_STRICT_PROTOTYPES = YES;
				CLANG_WARN_SUSPICIOUS_MOVE = YES;
				CLANG_WARN_UNGUARDED_AVAILABILITY = YES_AGGRESSIVE;
				CLANG_WARN_UNREACHABLE_CODE = YES;
				CLANG_WARN__DUPLICATE_METHOD_MATCH = YES;
				COPY_PHASE_STRIP = NO;
				DEBUG_INFORMATION_FORMAT = "dwarf-with-dsym";
				ENABLE_NS_ASSERTIONS = NO;
				ENABLE_STRICT_OBJC_MSGSEND = YES;
				GCC_C_LANGUAGE_STANDARD = gnu11;
				GCC_NO_COMMON_BLOCKS = YES;
				GCC_WARN_64_TO_32_BIT_CONVERSION = YES;
				GCC_WARN_ABOUT_RETURN_TYPE = YES_ERROR;
				GCC_WARN_UNDECLARED_SELECTOR = YES;
				GCC_WARN_UNINITIALIZED_AUTOS = YES_AGGRESSIVE;
				GCC_WARN_UNUSED_FUNCTION = YES;
				GCC_WARN_UNUSED_VARIABLE = YES;
				IPHONEOS_DEPLOYMENT_TARGET = 16.2;
				MTL_ENABLE_DEBUG_INFO = NO;
				MTL_FAST_MATH = YES;
				SDKROOT = iphoneos;
				SWIFT_COMPILATION_MODE = wholemodule;
				SWIFT_OPTIMIZATION_LEVEL = "-O";
				VALIDATE_PRODUCT = YES;
			};
			name = Release;
		};
		BD62DB972A39882F002ABA83 /* Debug */ = {
			isa = XCBuildConfiguration;
			buildSettings = {
				ASSETCATALOG_COMPILER_APPICON_NAME = AppIcon;
				ASSETCATALOG_COMPILER_GLOBAL_ACCENT_COLOR_NAME = AccentColor;
				CODE_SIGN_STYLE = Automatic;
				CURRENT_PROJECT_VERSION = 1;
				DEVELOPMENT_TEAM = MADC696R32;
				GENERATE_INFOPLIST_FILE = YES;
				INFOPLIST_FILE = "MeнTweet/Info.plist";
				INFOPLIST_KEY_UIApplicationSupportsIndirectInputEvents = YES;
				INFOPLIST_KEY_UILaunchStoryboardName = LaunchScreen;
				INFOPLIST_KEY_UIMainStoryboardFile = Main;
				INFOPLIST_KEY_UISupportedInterfaceOrientations_iPad = "UIInterfaceOrientationPortrait UIInterfaceOrientationPortraitUpsideDown UIInterfaceOrientationLandscapeLeft UIInterfaceOrientationLandscapeRight";
				INFOPLIST_KEY_UISupportedInterfaceOrientations_iPhone = "UIInterfaceOrientationPortrait UIInterfaceOrientationLandscapeLeft UIInterfaceOrientationLandscapeRight";
				LD_RUNPATH_SEARCH_PATHS = (
					"$(inherited)",
					"@executable_path/Frameworks",
				);
				MARKETING_VERSION = 1.0;
				PRODUCT_BUNDLE_IDENTIFIER = "Akyl-Mukatay.Me-Tweet";
				PRODUCT_NAME = "$(TARGET_NAME)";
				SWIFT_EMIT_LOC_STRINGS = YES;
				SWIFT_VERSION = 5.0;
				TARGETED_DEVICE_FAMILY = "1,2";
			};
			name = Debug;
		};
		BD62DB982A39882F002ABA83 /* Release */ = {
			isa = XCBuildConfiguration;
			buildSettings = {
				ASSETCATALOG_COMPILER_APPICON_NAME = AppIcon;
				ASSETCATALOG_COMPILER_GLOBAL_ACCENT_COLOR_NAME = AccentColor;
				CODE_SIGN_STYLE = Automatic;
				CURRENT_PROJECT_VERSION = 1;
				DEVELOPMENT_TEAM = MADC696R32;
				GENERATE_INFOPLIST_FILE = YES;
				INFOPLIST_FILE = "MeнTweet/Info.plist";
				INFOPLIST_KEY_UIApplicationSupportsIndirectInputEvents = YES;
				INFOPLIST_KEY_UILaunchStoryboardName = LaunchScreen;
				INFOPLIST_KEY_UIMainStoryboardFile = Main;
				INFOPLIST_KEY_UISupportedInterfaceOrientations_iPad = "UIInterfaceOrientationPortrait UIInterfaceOrientationPortraitUpsideDown UIInterfaceOrientationLandscapeLeft UIInterfaceOrientationLandscapeRight";
				INFOPLIST_KEY_UISupportedInterfaceOrientations_iPhone = "UIInterfaceOrientationPortrait UIInterfaceOrientationLandscapeLeft UIInterfaceOrientationLandscapeRight";
				LD_RUNPATH_SEARCH_PATHS = (
					"$(inherited)",
					"@executable_path/Frameworks",
				);
				MARKETING_VERSION = 1.0;
				PRODUCT_BUNDLE_IDENTIFIER = "Akyl-Mukatay.Me-Tweet";
				PRODUCT_NAME = "$(TARGET_NAME)";
				SWIFT_EMIT_LOC_STRINGS = YES;
				SWIFT_VERSION = 5.0;
				TARGETED_DEVICE_FAMILY = "1,2";
			};
			name = Release;
		};
/* End XCBuildConfiguration section */

/* Begin XCConfigurationList section */
		BD62DB7D2A39882E002ABA83 /* Build configuration list for PBXProject "MeнTweet" */ = {
			isa = XCConfigurationList;
			buildConfigurations = (
				BD62DB942A39882F002ABA83 /* Debug */,
				BD62DB952A39882F002ABA83 /* Release */,
			);
			defaultConfigurationIsVisible = 0;
			defaultConfigurationName = Release;
		};
		BD62DB962A39882F002ABA83 /* Build configuration list for PBXNativeTarget "MeнTweet" */ = {
			isa = XCConfigurationList;
			buildConfigurations = (
				BD62DB972A39882F002ABA83 /* Debug */,
				BD62DB982A39882F002ABA83 /* Release */,
			);
			defaultConfigurationIsVisible = 0;
			defaultConfigurationName = Release;
		};
/* End XCConfigurationList section */
	};
	rootObject = BD62DB7A2A39882E002ABA83 /* Project object */;
}
