// !$*UTF8*$!
{
	archiveVersion = 1;
	classes = {
	};
	objectVersion = 56;
	objects = {

/* Begin PBXBuildFile section */
		BDBE77EF2A4D642E0085342D /* AppDelegate.swift in Sources */ = {isa = PBXBuildFile; fileRef = BDBE77EE2A4D642E0085342D /* AppDelegate.swift */; };
		BDBE77F12A4D642E0085342D /* SceneDelegate.swift in Sources */ = {isa = PBXBuildFile; fileRef = BDBE77F02A4D642E0085342D /* SceneDelegate.swift */; };
		BDBE77F32A4D642E0085342D /* ViewController.swift in Sources */ = {isa = PBXBuildFile; fileRef = BDBE77F22A4D642E0085342D /* ViewController.swift */; };
		BDBE77F82A4D642F0085342D /* Assets.xcassets in Resources */ = {isa = PBXBuildFile; fileRef = BDBE77F72A4D642F0085342D /* Assets.xcassets */; };
		BDBE77FB2A4D642F0085342D /* LaunchScreen.storyboard in Resources */ = {isa = PBXBuildFile; fileRef = BDBE77F92A4D642F0085342D /* LaunchScreen.storyboard */; };
		BDBE78052A4D667C0085342D /* TabBarController.swift in Sources */ = {isa = PBXBuildFile; fileRef = BDBE78042A4D667C0085342D /* TabBarController.swift */; };
		BDBE780A2A4D67A90085342D /* MainViewController.swift in Sources */ = {isa = PBXBuildFile; fileRef = BDBE78092A4D67A90085342D /* MainViewController.swift */; };
		BDBE780C2A4D67B60085342D /* SettingsViewController.swift in Sources */ = {isa = PBXBuildFile; fileRef = BDBE780B2A4D67B60085342D /* SettingsViewController.swift */; };
		BDBE780E2A4D67BF0085342D /* HistoryViewController.swift in Sources */ = {isa = PBXBuildFile; fileRef = BDBE780D2A4D67BF0085342D /* HistoryViewController.swift */; };
		BDBE78112A4D6EC30085342D /* Extensions.swift in Sources */ = {isa = PBXBuildFile; fileRef = BDBE78102A4D6EC30085342D /* Extensions.swift */; };
		BDF8D5132A5701030038BB47 /* FocusCategoryViewController.swift in Sources */ = {isa = PBXBuildFile; fileRef = BDF8D5122A5701030038BB47 /* FocusCategoryViewController.swift */; };
/* End PBXBuildFile section */

/* Begin PBXFileReference section */
		BDBE77EB2A4D642E0085342D /* FocusFlow.app */ = {isa = PBXFileReference; explicitFileType = wrapper.application; includeInIndex = 0; path = FocusFlow.app; sourceTree = BUILT_PRODUCTS_DIR; };
		BDBE77EE2A4D642E0085342D /* AppDelegate.swift */ = {isa = PBXFileReference; lastKnownFileType = sourcecode.swift; path = AppDelegate.swift; sourceTree = "<group>"; };
		BDBE77F02A4D642E0085342D /* SceneDelegate.swift */ = {isa = PBXFileReference; lastKnownFileType = sourcecode.swift; path = SceneDelegate.swift; sourceTree = "<group>"; };
		BDBE77F22A4D642E0085342D /* ViewController.swift */ = {isa = PBXFileReference; lastKnownFileType = sourcecode.swift; path = ViewController.swift; sourceTree = "<group>"; };
		BDBE77F72A4D642F0085342D /* Assets.xcassets */ = {isa = PBXFileReference; lastKnownFileType = folder.assetcatalog; path = Assets.xcassets; sourceTree = "<group>"; };
		BDBE77FA2A4D642F0085342D /* Base */ = {isa = PBXFileReference; lastKnownFileType = file.storyboard; name = Base; path = Base.lproj/LaunchScreen.storyboard; sourceTree = "<group>"; };
		BDBE77FC2A4D642F0085342D /* Info.plist */ = {isa = PBXFileReference; lastKnownFileType = text.plist.xml; path = Info.plist; sourceTree = "<group>"; };
		BDBE78042A4D667C0085342D /* TabBarController.swift */ = {isa = PBXFileReference; lastKnownFileType = sourcecode.swift; path = TabBarController.swift; sourceTree = "<group>"; };
		BDBE78092A4D67A90085342D /* MainViewController.swift */ = {isa = PBXFileReference; lastKnownFileType = sourcecode.swift; path = MainViewController.swift; sourceTree = "<group>"; };
		BDBE780B2A4D67B60085342D /* SettingsViewController.swift */ = {isa = PBXFileReference; lastKnownFileType = sourcecode.swift; path = SettingsViewController.swift; sourceTree = "<group>"; };
		BDBE780D2A4D67BF0085342D /* HistoryViewController.swift */ = {isa = PBXFileReference; lastKnownFileType = sourcecode.swift; path = HistoryViewController.swift; sourceTree = "<group>"; };
		BDBE78102A4D6EC30085342D /* Extensions.swift */ = {isa = PBXFileReference; lastKnownFileType = sourcecode.swift; path = Extensions.swift; sourceTree = "<group>"; };
		BDF8D5122A5701030038BB47 /* FocusCategoryViewController.swift */ = {isa = PBXFileReference; lastKnownFileType = sourcecode.swift; path = FocusCategoryViewController.swift; sourceTree = "<group>"; };
/* End PBXFileReference section */

/* Begin PBXFrameworksBuildPhase section */
		BDBE77E82A4D642E0085342D /* Frameworks */ = {
			isa = PBXFrameworksBuildPhase;
			buildActionMask = 2147483647;
			files = (
			);
			runOnlyForDeploymentPostprocessing = 0;
		};
/* End PBXFrameworksBuildPhase section */

/* Begin PBXGroup section */
		BDBE77E22A4D642E0085342D = {
			isa = PBXGroup;
			children = (
				BDBE77ED2A4D642E0085342D /* FocusFlow */,
				BDBE77EC2A4D642E0085342D /* Products */,
			);
			sourceTree = "<group>";
		};
		BDBE77EC2A4D642E0085342D /* Products */ = {
			isa = PBXGroup;
			children = (
				BDBE77EB2A4D642E0085342D /* FocusFlow.app */,
			);
			name = Products;
			sourceTree = "<group>";
		};
		BDBE77ED2A4D642E0085342D /* FocusFlow */ = {
			isa = PBXGroup;
			children = (
				BDBE78022A4D645B0085342D /* Application */,
				BDBE780F2A4D6EAB0085342D /* Helpers */,
				BDBE78062A4D67700085342D /* Main */,
				BDBE78072A4D67860085342D /* Settings */,
				BDBE78082A4D678B0085342D /* History */,
				BDBE78032A4D66690085342D /* Base */,
				BDBE77F22A4D642E0085342D /* ViewController.swift */,
				BDBE77F72A4D642F0085342D /* Assets.xcassets */,
				BDBE77FC2A4D642F0085342D /* Info.plist */,
			);
			path = FocusFlow;
			sourceTree = "<group>";
		};
		BDBE78022A4D645B0085342D /* Application */ = {
			isa = PBXGroup;
			children = (
				BDBE77EE2A4D642E0085342D /* AppDelegate.swift */,
				BDBE77F02A4D642E0085342D /* SceneDelegate.swift */,
				BDBE77F92A4D642F0085342D /* LaunchScreen.storyboard */,
			);
			path = Application;
			sourceTree = "<group>";
		};
		BDBE78032A4D66690085342D /* Base */ = {
			isa = PBXGroup;
			children = (
				BDBE78042A4D667C0085342D /* TabBarController.swift */,
			);
			path = Base;
			sourceTree = "<group>";
		};
		BDBE78062A4D67700085342D /* Main */ = {
			isa = PBXGroup;
			children = (
				BDBE78092A4D67A90085342D /* MainViewController.swift */,
				BDF8D5122A5701030038BB47 /* FocusCategoryViewController.swift */,
			);
			path = Main;
			sourceTree = "<group>";
		};
		BDBE78072A4D67860085342D /* Settings */ = {
			isa = PBXGroup;
			children = (
				BDBE780B2A4D67B60085342D /* SettingsViewController.swift */,
			);
			path = Settings;
			sourceTree = "<group>";
		};
		BDBE78082A4D678B0085342D /* History */ = {
			isa = PBXGroup;
			children = (
				BDBE780D2A4D67BF0085342D /* HistoryViewController.swift */,
			);
			path = History;
			sourceTree = "<group>";
		};
		BDBE780F2A4D6EAB0085342D /* Helpers */ = {
			isa = PBXGroup;
			children = (
				BDBE78102A4D6EC30085342D /* Extensions.swift */,
			);
			path = Helpers;
			sourceTree = "<group>";
		};
/* End PBXGroup section */

/* Begin PBXNativeTarget section */
		BDBE77EA2A4D642E0085342D /* FocusFlow */ = {
			isa = PBXNativeTarget;
			buildConfigurationList = BDBE77FF2A4D642F0085342D /* Build configuration list for PBXNativeTarget "FocusFlow" */;
			buildPhases = (
				BDBE77E72A4D642E0085342D /* Sources */,
				BDBE77E82A4D642E0085342D /* Frameworks */,
				BDBE77E92A4D642E0085342D /* Resources */,
			);
			buildRules = (
			);
			dependencies = (
			);
			name = FocusFlow;
			productName = FocusFlow;
			productReference = BDBE77EB2A4D642E0085342D /* FocusFlow.app */;
			productType = "com.apple.product-type.application";
		};
/* End PBXNativeTarget section */

/* Begin PBXProject section */
		BDBE77E32A4D642E0085342D /* Project object */ = {
			isa = PBXProject;
			attributes = {
				BuildIndependentTargetsInParallel = 1;
				LastSwiftUpdateCheck = 1420;
				LastUpgradeCheck = 1420;
				TargetAttributes = {
					BDBE77EA2A4D642E0085342D = {
						CreatedOnToolsVersion = 14.2;
					};
				};
			};
			buildConfigurationList = BDBE77E62A4D642E0085342D /* Build configuration list for PBXProject "FocusFlow" */;
			compatibilityVersion = "Xcode 14.0";
			developmentRegion = en;
			hasScannedForEncodings = 0;
			knownRegions = (
				en,
				Base,
			);
			mainGroup = BDBE77E22A4D642E0085342D;
			productRefGroup = BDBE77EC2A4D642E0085342D /* Products */;
			projectDirPath = "";
			projectRoot = "";
			targets = (
				BDBE77EA2A4D642E0085342D /* FocusFlow */,
			);
		};
/* End PBXProject section */

/* Begin PBXResourcesBuildPhase section */
		BDBE77E92A4D642E0085342D /* Resources */ = {
			isa = PBXResourcesBuildPhase;
			buildActionMask = 2147483647;
			files = (
				BDBE77FB2A4D642F0085342D /* LaunchScreen.storyboard in Resources */,
				BDBE77F82A4D642F0085342D /* Assets.xcassets in Resources */,
			);
			runOnlyForDeploymentPostprocessing = 0;
		};
/* End PBXResourcesBuildPhase section */

/* Begin PBXSourcesBuildPhase section */
		BDBE77E72A4D642E0085342D /* Sources */ = {
			isa = PBXSourcesBuildPhase;
			buildActionMask = 2147483647;
			files = (
				BDBE77F32A4D642E0085342D /* ViewController.swift in Sources */,
				BDBE78052A4D667C0085342D /* TabBarController.swift in Sources */,
				BDBE77EF2A4D642E0085342D /* AppDelegate.swift in Sources */,
				BDBE78112A4D6EC30085342D /* Extensions.swift in Sources */,
				BDBE77F12A4D642E0085342D /* SceneDelegate.swift in Sources */,
				BDBE780A2A4D67A90085342D /* MainViewController.swift in Sources */,
				BDF8D5132A5701030038BB47 /* FocusCategoryViewController.swift in Sources */,
				BDBE780E2A4D67BF0085342D /* HistoryViewController.swift in Sources */,
				BDBE780C2A4D67B60085342D /* SettingsViewController.swift in Sources */,
			);
			runOnlyForDeploymentPostprocessing = 0;
		};
/* End PBXSourcesBuildPhase section */

/* Begin PBXVariantGroup section */
		BDBE77F92A4D642F0085342D /* LaunchScreen.storyboard */ = {
			isa = PBXVariantGroup;
			children = (
				BDBE77FA2A4D642F0085342D /* Base */,
			);
			name = LaunchScreen.storyboard;
			sourceTree = "<group>";
		};
/* End PBXVariantGroup section */

/* Begin XCBuildConfiguration section */
		BDBE77FD2A4D642F0085342D /* Debug */ = {
			isa = XCBuildConfiguration;
			buildSettings = {
				ALWAYS_SEARCH_USER_PATHS = NO;
				CLANG_ANALYZER_NONNULL = YES;
				CLANG_ANALYZER_NUMBER_OBJECT_CONVERSION = YES_AGGRESSIVE;
				CLANG_CXX_LANGUAGE_STANDARD = "gnu++20";
				CLANG_ENABLE_MODULES = YES;
				CLANG_ENABLE_OBJC_ARC = YES;
				CLANG_ENABLE_OBJC_WEAK = YES;
				CLANG_WARN_BLOCK_CAPTURE_AUTORELEASING = YES;
				CLANG_WARN_BOOL_CONVERSION = YES;
				CLANG_WARN_COMMA = YES;
				CLANG_WARN_CONSTANT_CONVERSION = YES;
				CLANG_WARN_DEPRECATED_OBJC_IMPLEMENTATIONS = YES;
				CLANG_WARN_DIRECT_OBJC_ISA_USAGE = YES_ERROR;
				CLANG_WARN_DOCUMENTATION_COMMENTS = YES;
				CLANG_WARN_EMPTY_BODY = YES;
				CLANG_WARN_ENUM_CONVERSION = YES;
				CLANG_WARN_INFINITE_RECURSION = YES;
				CLANG_WARN_INT_CONVERSION = YES;
				CLANG_WARN_NON_LITERAL_NULL_CONVERSION = YES;
				CLANG_WARN_OBJC_IMPLICIT_RETAIN_SELF = YES;
				CLANG_WARN_OBJC_LITERAL_CONVERSION = YES;
				CLANG_WARN_OBJC_ROOT_CLASS = YES_ERROR;
				CLANG_WARN_QUOTED_INCLUDE_IN_FRAMEWORK_HEADER = YES;
				CLANG_WARN_RANGE_LOOP_ANALYSIS = YES;
				CLANG_WARN_STRICT_PROTOTYPES = YES;
				CLANG_WARN_SUSPICIOUS_MOVE = YES;
				CLANG_WARN_UNGUARDED_AVAILABILITY = YES_AGGRESSIVE;
				CLANG_WARN_UNREACHABLE_CODE = YES;
				CLANG_WARN__DUPLICATE_METHOD_MATCH = YES;
				COPY_PHASE_STRIP = NO;
				DEBUG_INFORMATION_FORMAT = dwarf;
				ENABLE_STRICT_OBJC_MSGSEND = YES;
				ENABLE_TESTABILITY = YES;
				GCC_C_LANGUAGE_STANDARD = gnu11;
				GCC_DYNAMIC_NO_PIC = NO;
				GCC_NO_COMMON_BLOCKS = YES;
				GCC_OPTIMIZATION_LEVEL = 0;
				GCC_PREPROCESSOR_DEFINITIONS = (
					"DEBUG=1",
					"$(inherited)",
				);
				GCC_WARN_64_TO_32_BIT_CONVERSION = YES;
				GCC_WARN_ABOUT_RETURN_TYPE = YES_ERROR;
				GCC_WARN_UNDECLARED_SELECTOR = YES;
				GCC_WARN_UNINITIALIZED_AUTOS = YES_AGGRESSIVE;
				GCC_WARN_UNUSED_FUNCTION = YES;
				GCC_WARN_UNUSED_VARIABLE = YES;
				IPHONEOS_DEPLOYMENT_TARGET = 16.2;
				MTL_ENABLE_DEBUG_INFO = INCLUDE_SOURCE;
				MTL_FAST_MATH = YES;
				ONLY_ACTIVE_ARCH = YES;
				SDKROOT = iphoneos;
				SWIFT_ACTIVE_COMPILATION_CONDITIONS = DEBUG;
				SWIFT_OPTIMIZATION_LEVEL = "-Onone";
			};
			name = Debug;
		};
		BDBE77FE2A4D642F0085342D /* Release */ = {
			isa = XCBuildConfiguration;
			buildSettings = {
				ALWAYS_SEARCH_USER_PATHS = NO;
				CLANG_ANALYZER_NONNULL = YES;
				CLANG_ANALYZER_NUMBER_OBJECT_CONVERSION = YES_AGGRESSIVE;
				CLANG_CXX_LANGUAGE_STANDARD = "gnu++20";
				CLANG_ENABLE_MODULES = YES;
				CLANG_ENABLE_OBJC_ARC = YES;
				CLANG_ENABLE_OBJC_WEAK = YES;
				CLANG_WARN_BLOCK_CAPTURE_AUTORELEASING = YES;
				CLANG_WARN_BOOL_CONVERSION = YES;
				CLANG_WARN_COMMA = YES;
				CLANG_WARN_CONSTANT_CONVERSION = YES;
				CLANG_WARN_DEPRECATED_OBJC_IMPLEMENTATIONS = YES;
				CLANG_WARN_DIRECT_OBJC_ISA_USAGE = YES_ERROR;
				CLANG_WARN_DOCUMENTATION_COMMENTS = YES;
				CLANG_WARN_EMPTY_BODY = YES;
				CLANG_WARN_ENUM_CONVERSION = YES;
				CLANG_WARN_INFINITE_RECURSION = YES;
				CLANG_WARN_INT_CONVERSION = YES;
				CLANG_WARN_NON_LITERAL_NULL_CONVERSION = YES;
				CLANG_WARN_OBJC_IMPLICIT_RETAIN_SELF = YES;
				CLANG_WARN_OBJC_LITERAL_CONVERSION = YES;
				CLANG_WARN_OBJC_ROOT_CLASS = YES_ERROR;
				CLANG_WARN_QUOTED_INCLUDE_IN_FRAMEWORK_HEADER = YES;
				CLANG_WARN_RANGE_LOOP_ANALYSIS = YES;
				CLANG_WARN_STRICT_PROTOTYPES = YES;
				CLANG_WARN_SUSPICIOUS_MOVE = YES;
				CLANG_WARN_UNGUARDED_AVAILABILITY = YES_AGGRESSIVE;
				CLANG_WARN_UNREACHABLE_CODE = YES;
				CLANG_WARN__DUPLICATE_METHOD_MATCH = YES;
				COPY_PHASE_STRIP = NO;
				DEBUG_INFORMATION_FORMAT = "dwarf-with-dsym";
				ENABLE_NS_ASSERTIONS = NO;
				ENABLE_STRICT_OBJC_MSGSEND = YES;
				GCC_C_LANGUAGE_STANDARD = gnu11;
				GCC_NO_COMMON_BLOCKS = YES;
				GCC_WARN_64_TO_32_BIT_CONVERSION = YES;
				GCC_WARN_ABOUT_RETURN_TYPE = YES_ERROR;
				GCC_WARN_UNDECLARED_SELECTOR = YES;
				GCC_WARN_UNINITIALIZED_AUTOS = YES_AGGRESSIVE;
				GCC_WARN_UNUSED_FUNCTION = YES;
				GCC_WARN_UNUSED_VARIABLE = YES;
				IPHONEOS_DEPLOYMENT_TARGET = 16.2;
				MTL_ENABLE_DEBUG_INFO = NO;
				MTL_FAST_MATH = YES;
				SDKROOT = iphoneos;
				SWIFT_COMPILATION_MODE = wholemodule;
				SWIFT_OPTIMIZATION_LEVEL = "-O";
				VALIDATE_PRODUCT = YES;
			};
			name = Release;
		};
		BDBE78002A4D642F0085342D /* Debug */ = {
			isa = XCBuildConfiguration;
			buildSettings = {
				ASSETCATALOG_COMPILER_APPICON_NAME = AppIcon;
				ASSETCATALOG_COMPILER_GLOBAL_ACCENT_COLOR_NAME = AccentColor;
				CODE_SIGN_STYLE = Automatic;
				CURRENT_PROJECT_VERSION = 1;
				DEVELOPMENT_TEAM = MADC696R32;
				GENERATE_INFOPLIST_FILE = YES;
				INFOPLIST_FILE = FocusFlow/Info.plist;
				INFOPLIST_KEY_UIApplicationSupportsIndirectInputEvents = YES;
				INFOPLIST_KEY_UILaunchStoryboardName = LaunchScreen;
				INFOPLIST_KEY_UISupportedInterfaceOrientations_iPad = "UIInterfaceOrientationPortrait UIInterfaceOrientationPortraitUpsideDown UIInterfaceOrientationLandscapeLeft UIInterfaceOrientationLandscapeRight";
				INFOPLIST_KEY_UISupportedInterfaceOrientations_iPhone = "UIInterfaceOrientationPortrait UIInterfaceOrientationLandscapeLeft UIInterfaceOrientationLandscapeRight";
				LD_RUNPATH_SEARCH_PATHS = (
					"$(inherited)",
					"@executable_path/Frameworks",
				);
				MARKETING_VERSION = 1.0;
				PRODUCT_BUNDLE_IDENTIFIER = "Akyl-Mukatay.FocusFlow";
				PRODUCT_NAME = "$(TARGET_NAME)";
				SWIFT_EMIT_LOC_STRINGS = YES;
				SWIFT_VERSION = 5.0;
				TARGETED_DEVICE_FAMILY = "1,2";
			};
			name = Debug;
		};
		BDBE78012A4D642F0085342D /* Release */ = {
			isa = XCBuildConfiguration;
			buildSettings = {
				ASSETCATALOG_COMPILER_APPICON_NAME = AppIcon;
				ASSETCATALOG_COMPILER_GLOBAL_ACCENT_COLOR_NAME = AccentColor;
				CODE_SIGN_STYLE = Automatic;
				CURRENT_PROJECT_VERSION = 1;
				DEVELOPMENT_TEAM = MADC696R32;
				GENERATE_INFOPLIST_FILE = YES;
				INFOPLIST_FILE = FocusFlow/Info.plist;
				INFOPLIST_KEY_UIApplicationSupportsIndirectInputEvents = YES;
				INFOPLIST_KEY_UILaunchStoryboardName = LaunchScreen;
				INFOPLIST_KEY_UISupportedInterfaceOrientations_iPad = "UIInterfaceOrientationPortrait UIInterfaceOrientationPortraitUpsideDown UIInterfaceOrientationLandscapeLeft UIInterfaceOrientationLandscapeRight";
				INFOPLIST_KEY_UISupportedInterfaceOrientations_iPhone = "UIInterfaceOrientationPortrait UIInterfaceOrientationLandscapeLeft UIInterfaceOrientationLandscapeRight";
				LD_RUNPATH_SEARCH_PATHS = (
					"$(inherited)",
					"@executable_path/Frameworks",
				);
				MARKETING_VERSION = 1.0;
				PRODUCT_BUNDLE_IDENTIFIER = "Akyl-Mukatay.FocusFlow";
				PRODUCT_NAME = "$(TARGET_NAME)";
				SWIFT_EMIT_LOC_STRINGS = YES;
				SWIFT_VERSION = 5.0;
				TARGETED_DEVICE_FAMILY = "1,2";
			};
			name = Release;
		};
/* End XCBuildConfiguration section */

/* Begin XCConfigurationList section */
		BDBE77E62A4D642E0085342D /* Build configuration list for PBXProject "FocusFlow" */ = {
			isa = XCConfigurationList;
			buildConfigurations = (
				BDBE77FD2A4D642F0085342D /* Debug */,
				BDBE77FE2A4D642F0085342D /* Release */,
			);
			defaultConfigurationIsVisible = 0;
			defaultConfigurationName = Release;
		};
		BDBE77FF2A4D642F0085342D /* Build configuration list for PBXNativeTarget "FocusFlow" */ = {
			isa = XCConfigurationList;
			buildConfigurations = (
				BDBE78002A4D642F0085342D /* Debug */,
				BDBE78012A4D642F0085342D /* Release */,
			);
			defaultConfigurationIsVisible = 0;
			defaultConfigurationName = Release;
		};
/* End XCConfigurationList section */
	};
	rootObject = BDBE77E32A4D642E0085342D /* Project object */;
}
