// !$*UTF8*$!
{
	archiveVersion = 1;
	classes = {
	};
	objectVersion = 56;
	objects = {

/* Begin PBXBuildFile section */
		8AB95F199B0E54E7A1F19900 /* Pods_SneakerStoreApp.framework in Frameworks */ = {isa = PBXBuildFile; fileRef = B6AA90262607B361C0101E9F /* Pods_SneakerStoreApp.framework */; };
		BD1E170F2A2B4E3A00D4E26A /* CatalogViewCell.swift in Sources */ = {isa = PBXBuildFile; fileRef = BD1E170E2A2B4E3A00D4E26A /* CatalogViewCell.swift */; };
		BD27969A2A34688300F1D513 /* Products.swift in Sources */ = {isa = PBXBuildFile; fileRef = BD2796992A34688300F1D513 /* Products.swift */; };
		BD27969C2A34714F00F1D513 /* CartManager.swift in Sources */ = {isa = PBXBuildFile; fileRef = BD27969B2A34714F00F1D513 /* CartManager.swift */; };
		BD49F33C2A2F22DE004A7CF8 /* BottomSheetController.swift in Sources */ = {isa = PBXBuildFile; fileRef = BD49F33B2A2F22DE004A7CF8 /* BottomSheetController.swift */; };
		BD49F33E2A2F9A6F004A7CF8 /* AccounInfoViewController.swift in Sources */ = {isa = PBXBuildFile; fileRef = BD49F33D2A2F9A6F004A7CF8 /* AccounInfoViewController.swift */; };
		BD49F3402A2FA730004A7CF8 /* ShoeSizeViewController.swift in Sources */ = {isa = PBXBuildFile; fileRef = BD49F33F2A2FA730004A7CF8 /* ShoeSizeViewController.swift */; };
		BD4A54222A30720900EED500 /* LinkOneViewController.swift in Sources */ = {isa = PBXBuildFile; fileRef = BD4A54212A30720900EED500 /* LinkOneViewController.swift */; };
		BD4A54242A30780900EED500 /* LinkTwoViewController.swift in Sources */ = {isa = PBXBuildFile; fileRef = BD4A54232A30780900EED500 /* LinkTwoViewController.swift */; };
		BD55ADB02A2C4DED00843DA7 /* BigButton.swift in Sources */ = {isa = PBXBuildFile; fileRef = BD55ADAF2A2C4DED00843DA7 /* BigButton.swift */; };
		BD55ADB22A2C794E00843DA7 /* CartViewCell.swift in Sources */ = {isa = PBXBuildFile; fileRef = BD55ADB12A2C794E00843DA7 /* CartViewCell.swift */; };
		BD55ADB42A2CF41300843DA7 /* SmallButton.swift in Sources */ = {isa = PBXBuildFile; fileRef = BD55ADB32A2CF41300843DA7 /* SmallButton.swift */; };
		BDE8B6A62A28A07600E8877C /* AppDelegate.swift in Sources */ = {isa = PBXBuildFile; fileRef = BDE8B6A52A28A07600E8877C /* AppDelegate.swift */; };
		BDE8B6A82A28A07600E8877C /* SceneDelegate.swift in Sources */ = {isa = PBXBuildFile; fileRef = BDE8B6A72A28A07600E8877C /* SceneDelegate.swift */; };
		BDE8B6AF2A28A07800E8877C /* Assets.xcassets in Resources */ = {isa = PBXBuildFile; fileRef = BDE8B6AE2A28A07800E8877C /* Assets.xcassets */; };
		BDE8B6B22A28A07800E8877C /* LaunchScreen.storyboard in Resources */ = {isa = PBXBuildFile; fileRef = BDE8B6B02A28A07800E8877C /* LaunchScreen.storyboard */; };
		BDE8B6C32A28B3D900E8877C /* CatalogViewController.swift in Sources */ = {isa = PBXBuildFile; fileRef = BDE8B6C22A28B3D900E8877C /* CatalogViewController.swift */; };
		BDE8B6C52A28B3EF00E8877C /* CartViewController.swift in Sources */ = {isa = PBXBuildFile; fileRef = BDE8B6C42A28B3EF00E8877C /* CartViewController.swift */; };
		BDE8B6C72A28B3FA00E8877C /* ProfileViewController.swift in Sources */ = {isa = PBXBuildFile; fileRef = BDE8B6C62A28B3FA00E8877C /* ProfileViewController.swift */; };
		BDE8B6C92A28B57600E8877C /* TabBarController.swift in Sources */ = {isa = PBXBuildFile; fileRef = BDE8B6C82A28B57600E8877C /* TabBarController.swift */; };
		BDE8B6CB2A28C4F800E8877C /* Resources.swift in Sources */ = {isa = PBXBuildFile; fileRef = BDE8B6CA2A28C4F800E8877C /* Resources.swift */; };
		BDE8B6CD2A28C64500E8877C /* UIColor + ext.swift in Sources */ = {isa = PBXBuildFile; fileRef = BDE8B6CC2A28C64500E8877C /* UIColor + ext.swift */; };
		BDE8B6D02A28CECB00E8877C /* CatalogCard.swift in Sources */ = {isa = PBXBuildFile; fileRef = BDE8B6CF2A28CECB00E8877C /* CatalogCard.swift */; };
/* End PBXBuildFile section */

/* Begin PBXFileReference section */
		62B9E7836E2EB52EBBE51697 /* Pods-SneakerStoreApp.debug.xcconfig */ = {isa = PBXFileReference; includeInIndex = 1; lastKnownFileType = text.xcconfig; name = "Pods-SneakerStoreApp.debug.xcconfig"; path = "Target Support Files/Pods-SneakerStoreApp/Pods-SneakerStoreApp.debug.xcconfig"; sourceTree = "<group>"; };
		710E9D69A9CA6035EDD81814 /* Pods-SneakerStoreApp.release.xcconfig */ = {isa = PBXFileReference; includeInIndex = 1; lastKnownFileType = text.xcconfig; name = "Pods-SneakerStoreApp.release.xcconfig"; path = "Target Support Files/Pods-SneakerStoreApp/Pods-SneakerStoreApp.release.xcconfig"; sourceTree = "<group>"; };
		B6AA90262607B361C0101E9F /* Pods_SneakerStoreApp.framework */ = {isa = PBXFileReference; explicitFileType = wrapper.framework; includeInIndex = 0; path = Pods_SneakerStoreApp.framework; sourceTree = BUILT_PRODUCTS_DIR; };
		BD1E170E2A2B4E3A00D4E26A /* CatalogViewCell.swift */ = {isa = PBXFileReference; lastKnownFileType = sourcecode.swift; path = CatalogViewCell.swift; sourceTree = "<group>"; };
		BD2796992A34688300F1D513 /* Products.swift */ = {isa = PBXFileReference; lastKnownFileType = sourcecode.swift; path = Products.swift; sourceTree = "<group>"; };
		BD27969B2A34714F00F1D513 /* CartManager.swift */ = {isa = PBXFileReference; lastKnownFileType = sourcecode.swift; path = CartManager.swift; sourceTree = "<group>"; };
		BD49F33B2A2F22DE004A7CF8 /* BottomSheetController.swift */ = {isa = PBXFileReference; lastKnownFileType = sourcecode.swift; path = BottomSheetController.swift; sourceTree = "<group>"; };
		BD49F33D2A2F9A6F004A7CF8 /* AccounInfoViewController.swift */ = {isa = PBXFileReference; lastKnownFileType = sourcecode.swift; path = AccounInfoViewController.swift; sourceTree = "<group>"; };
		BD49F33F2A2FA730004A7CF8 /* ShoeSizeViewController.swift */ = {isa = PBXFileReference; lastKnownFileType = sourcecode.swift; path = ShoeSizeViewController.swift; sourceTree = "<group>"; };
		BD4A54212A30720900EED500 /* LinkOneViewController.swift */ = {isa = PBXFileReference; lastKnownFileType = sourcecode.swift; path = LinkOneViewController.swift; sourceTree = "<group>"; };
		BD4A54232A30780900EED500 /* LinkTwoViewController.swift */ = {isa = PBXFileReference; lastKnownFileType = sourcecode.swift; path = LinkTwoViewController.swift; sourceTree = "<group>"; };
		BD55ADAF2A2C4DED00843DA7 /* BigButton.swift */ = {isa = PBXFileReference; lastKnownFileType = sourcecode.swift; path = BigButton.swift; sourceTree = "<group>"; };
		BD55ADB12A2C794E00843DA7 /* CartViewCell.swift */ = {isa = PBXFileReference; lastKnownFileType = sourcecode.swift; path = CartViewCell.swift; sourceTree = "<group>"; };
		BD55ADB32A2CF41300843DA7 /* SmallButton.swift */ = {isa = PBXFileReference; lastKnownFileType = sourcecode.swift; path = SmallButton.swift; sourceTree = "<group>"; };
		BDE8B6A22A28A07600E8877C /* SneakerStoreApp.app */ = {isa = PBXFileReference; explicitFileType = wrapper.application; includeInIndex = 0; path = SneakerStoreApp.app; sourceTree = BUILT_PRODUCTS_DIR; };
		BDE8B6A52A28A07600E8877C /* AppDelegate.swift */ = {isa = PBXFileReference; lastKnownFileType = sourcecode.swift; path = AppDelegate.swift; sourceTree = "<group>"; };
		BDE8B6A72A28A07600E8877C /* SceneDelegate.swift */ = {isa = PBXFileReference; lastKnownFileType = sourcecode.swift; path = SceneDelegate.swift; sourceTree = "<group>"; };
		BDE8B6AE2A28A07800E8877C /* Assets.xcassets */ = {isa = PBXFileReference; lastKnownFileType = folder.assetcatalog; path = Assets.xcassets; sourceTree = "<group>"; };
		BDE8B6B12A28A07800E8877C /* Base */ = {isa = PBXFileReference; lastKnownFileType = file.storyboard; name = Base; path = Base.lproj/LaunchScreen.storyboard; sourceTree = "<group>"; };
		BDE8B6B32A28A07800E8877C /* Info.plist */ = {isa = PBXFileReference; lastKnownFileType = text.plist.xml; path = Info.plist; sourceTree = "<group>"; };
		BDE8B6C22A28B3D900E8877C /* CatalogViewController.swift */ = {isa = PBXFileReference; lastKnownFileType = sourcecode.swift; path = CatalogViewController.swift; sourceTree = "<group>"; };
		BDE8B6C42A28B3EF00E8877C /* CartViewController.swift */ = {isa = PBXFileReference; lastKnownFileType = sourcecode.swift; path = CartViewController.swift; sourceTree = "<group>"; };
		BDE8B6C62A28B3FA00E8877C /* ProfileViewController.swift */ = {isa = PBXFileReference; lastKnownFileType = sourcecode.swift; path = ProfileViewController.swift; sourceTree = "<group>"; };
		BDE8B6C82A28B57600E8877C /* TabBarController.swift */ = {isa = PBXFileReference; lastKnownFileType = sourcecode.swift; path = TabBarController.swift; sourceTree = "<group>"; };
		BDE8B6CA2A28C4F800E8877C /* Resources.swift */ = {isa = PBXFileReference; lastKnownFileType = sourcecode.swift; path = Resources.swift; sourceTree = "<group>"; };
		BDE8B6CC2A28C64500E8877C /* UIColor + ext.swift */ = {isa = PBXFileReference; lastKnownFileType = sourcecode.swift; path = "UIColor + ext.swift"; sourceTree = "<group>"; };
		BDE8B6CF2A28CECB00E8877C /* CatalogCard.swift */ = {isa = PBXFileReference; lastKnownFileType = sourcecode.swift; path = CatalogCard.swift; sourceTree = "<group>"; };
/* End PBXFileReference section */

/* Begin PBXFrameworksBuildPhase section */
		BDE8B69F2A28A07600E8877C /* Frameworks */ = {
			isa = PBXFrameworksBuildPhase;
			buildActionMask = 2147483647;
			files = (
				8AB95F199B0E54E7A1F19900 /* Pods_SneakerStoreApp.framework in Frameworks */,
			);
			runOnlyForDeploymentPostprocessing = 0;
		};
/* End PBXFrameworksBuildPhase section */

/* Begin PBXGroup section */
		312AA0F7F5E909A9B094E51C /* Frameworks */ = {
			isa = PBXGroup;
			children = (
				B6AA90262607B361C0101E9F /* Pods_SneakerStoreApp.framework */,
			);
			name = Frameworks;
			sourceTree = "<group>";
		};
		681A29929DF78212435D0C3D /* Pods */ = {
			isa = PBXGroup;
			children = (
				62B9E7836E2EB52EBBE51697 /* Pods-SneakerStoreApp.debug.xcconfig */,
				710E9D69A9CA6035EDD81814 /* Pods-SneakerStoreApp.release.xcconfig */,
			);
			path = Pods;
			sourceTree = "<group>";
		};
		BD1E170D2A2B4E0F00D4E26A /* Catalog */ = {
			isa = PBXGroup;
			children = (
				BDE8B6C22A28B3D900E8877C /* CatalogViewController.swift */,
				BD1E170E2A2B4E3A00D4E26A /* CatalogViewCell.swift */,
			);
			path = Catalog;
			sourceTree = "<group>";
		};
		BD1E17122A2B69B800D4E26A /* Cart */ = {
			isa = PBXGroup;
			children = (
				BDE8B6C42A28B3EF00E8877C /* CartViewController.swift */,
				BD55ADB12A2C794E00843DA7 /* CartViewCell.swift */,
				BD49F33B2A2F22DE004A7CF8 /* BottomSheetController.swift */,
			);
			path = Cart;
			sourceTree = "<group>";
		};
		BD1E17132A2B69C700D4E26A /* Profile */ = {
			isa = PBXGroup;
			children = (
				BDE8B6C62A28B3FA00E8877C /* ProfileViewController.swift */,
				BD49F33D2A2F9A6F004A7CF8 /* AccounInfoViewController.swift */,
				BD49F33F2A2FA730004A7CF8 /* ShoeSizeViewController.swift */,
				BD4A54212A30720900EED500 /* LinkOneViewController.swift */,
				BD4A54232A30780900EED500 /* LinkTwoViewController.swift */,
			);
			path = Profile;
			sourceTree = "<group>";
		};
		BDE8B6992A28A07600E8877C = {
			isa = PBXGroup;
			children = (
				BDE8B6A42A28A07600E8877C /* SneakerStoreApp */,
				BDE8B6A32A28A07600E8877C /* Products */,
				681A29929DF78212435D0C3D /* Pods */,
				312AA0F7F5E909A9B094E51C /* Frameworks */,
			);
			sourceTree = "<group>";
		};
		BDE8B6A32A28A07600E8877C /* Products */ = {
			isa = PBXGroup;
			children = (
				BDE8B6A22A28A07600E8877C /* SneakerStoreApp.app */,
			);
			name = Products;
			sourceTree = "<group>";
		};
		BDE8B6A42A28A07600E8877C /* SneakerStoreApp */ = {
			isa = PBXGroup;
			children = (
				BDE8B6D42A29E8EC00E8877C /* Application */,
				BDE8B6BD2A28B16800E8877C /* Resources */,
				BDE8B6BB2A28B14500E8877C /* Managers */,
				BDE8B6BA2A28B12200E8877C /* Controllers */,
				BDE8B6B32A28A07800E8877C /* Info.plist */,
			);
			path = SneakerStoreApp;
			sourceTree = "<group>";
		};
		BDE8B6BA2A28B12200E8877C /* Controllers */ = {
			isa = PBXGroup;
			children = (
				BD1E170D2A2B4E0F00D4E26A /* Catalog */,
				BD1E17122A2B69B800D4E26A /* Cart */,
				BD1E17132A2B69C700D4E26A /* Profile */,
				BDE8B6BF2A28B19D00E8877C /* Other */,
			);
			path = Controllers;
			sourceTree = "<group>";
		};
		BDE8B6BB2A28B14500E8877C /* Managers */ = {
			isa = PBXGroup;
			children = (
				BD27969B2A34714F00F1D513 /* CartManager.swift */,
			);
			path = Managers;
			sourceTree = "<group>";
		};
		BDE8B6BD2A28B16800E8877C /* Resources */ = {
			isa = PBXGroup;
			children = (
				BDE8B6CE2A28C64A00E8877C /* Extentions */,
				BD2796992A34688300F1D513 /* Products.swift */,
				BDE8B6CA2A28C4F800E8877C /* Resources.swift */,
				BDE8B6AE2A28A07800E8877C /* Assets.xcassets */,
			);
			path = Resources;
			sourceTree = "<group>";
		};
		BDE8B6BF2A28B19D00E8877C /* Other */ = {
			isa = PBXGroup;
			children = (
				BDE8B6C82A28B57600E8877C /* TabBarController.swift */,
				BDE8B6CF2A28CECB00E8877C /* CatalogCard.swift */,
				BD55ADAF2A2C4DED00843DA7 /* BigButton.swift */,
				BD55ADB32A2CF41300843DA7 /* SmallButton.swift */,
			);
			path = Other;
			sourceTree = "<group>";
		};
		BDE8B6CE2A28C64A00E8877C /* Extentions */ = {
			isa = PBXGroup;
			children = (
				BDE8B6CC2A28C64500E8877C /* UIColor + ext.swift */,
			);
			path = Extentions;
			sourceTree = "<group>";
		};
		BDE8B6D42A29E8EC00E8877C /* Application */ = {
			isa = PBXGroup;
			children = (
				BDE8B6A52A28A07600E8877C /* AppDelegate.swift */,
				BDE8B6A72A28A07600E8877C /* SceneDelegate.swift */,
				BDE8B6B02A28A07800E8877C /* LaunchScreen.storyboard */,
			);
			path = Application;
			sourceTree = "<group>";
		};
/* End PBXGroup section */

/* Begin PBXNativeTarget section */
		BDE8B6A12A28A07600E8877C /* SneakerStoreApp */ = {
			isa = PBXNativeTarget;
			buildConfigurationList = BDE8B6B62A28A07800E8877C /* Build configuration list for PBXNativeTarget "SneakerStoreApp" */;
			buildPhases = (
				A5EB728D17ED5D55BA913ED0 /* [CP] Check Pods Manifest.lock */,
				BDE8B69E2A28A07600E8877C /* Sources */,
				BDE8B69F2A28A07600E8877C /* Frameworks */,
				BDE8B6A02A28A07600E8877C /* Resources */,
				06DAAE4159B5BBD42DD2986C /* [CP] Embed Pods Frameworks */,
			);
			buildRules = (
			);
			dependencies = (
			);
			name = SneakerStoreApp;
			productName = SneakerStoreApp;
			productReference = BDE8B6A22A28A07600E8877C /* SneakerStoreApp.app */;
			productType = "com.apple.product-type.application";
		};
/* End PBXNativeTarget section */

/* Begin PBXProject section */
		BDE8B69A2A28A07600E8877C /* Project object */ = {
			isa = PBXProject;
			attributes = {
				BuildIndependentTargetsInParallel = 1;
				LastSwiftUpdateCheck = 1420;
				LastUpgradeCheck = 1420;
				TargetAttributes = {
					BDE8B6A12A28A07600E8877C = {
						CreatedOnToolsVersion = 14.2;
					};
				};
			};
			buildConfigurationList = BDE8B69D2A28A07600E8877C /* Build configuration list for PBXProject "SneakerStoreApp" */;
			compatibilityVersion = "Xcode 14.0";
			developmentRegion = en;
			hasScannedForEncodings = 0;
			knownRegions = (
				en,
				Base,
			);
			mainGroup = BDE8B6992A28A07600E8877C;
			productRefGroup = BDE8B6A32A28A07600E8877C /* Products */;
			projectDirPath = "";
			projectRoot = "";
			targets = (
				BDE8B6A12A28A07600E8877C /* SneakerStoreApp */,
			);
		};
/* End PBXProject section */

/* Begin PBXResourcesBuildPhase section */
		BDE8B6A02A28A07600E8877C /* Resources */ = {
			isa = PBXResourcesBuildPhase;
			buildActionMask = 2147483647;
			files = (
				BDE8B6B22A28A07800E8877C /* LaunchScreen.storyboard in Resources */,
				BDE8B6AF2A28A07800E8877C /* Assets.xcassets in Resources */,
			);
			runOnlyForDeploymentPostprocessing = 0;
		};
/* End PBXResourcesBuildPhase section */

/* Begin PBXShellScriptBuildPhase section */
		06DAAE4159B5BBD42DD2986C /* [CP] Embed Pods Frameworks */ = {
			isa = PBXShellScriptBuildPhase;
			buildActionMask = 2147483647;
			files = (
			);
			inputFileListPaths = (
				"${PODS_ROOT}/Target Support Files/Pods-SneakerStoreApp/Pods-SneakerStoreApp-frameworks-${CONFIGURATION}-input-files.xcfilelist",
			);
			name = "[CP] Embed Pods Frameworks";
			outputFileListPaths = (
				"${PODS_ROOT}/Target Support Files/Pods-SneakerStoreApp/Pods-SneakerStoreApp-frameworks-${CONFIGURATION}-output-files.xcfilelist",
			);
			runOnlyForDeploymentPostprocessing = 0;
			shellPath = /bin/sh;
			shellScript = "\"${PODS_ROOT}/Target Support Files/Pods-SneakerStoreApp/Pods-SneakerStoreApp-frameworks.sh\"\n";
			showEnvVarsInLog = 0;
		};
		A5EB728D17ED5D55BA913ED0 /* [CP] Check Pods Manifest.lock */ = {
			isa = PBXShellScriptBuildPhase;
			buildActionMask = 2147483647;
			files = (
			);
			inputFileListPaths = (
			);
			inputPaths = (
				"${PODS_PODFILE_DIR_PATH}/Podfile.lock",
				"${PODS_ROOT}/Manifest.lock",
			);
			name = "[CP] Check Pods Manifest.lock";
			outputFileListPaths = (
			);
			outputPaths = (
				"$(DERIVED_FILE_DIR)/Pods-SneakerStoreApp-checkManifestLockResult.txt",
			);
			runOnlyForDeploymentPostprocessing = 0;
			shellPath = /bin/sh;
			shellScript = "diff \"${PODS_PODFILE_DIR_PATH}/Podfile.lock\" \"${PODS_ROOT}/Manifest.lock\" > /dev/null\nif [ $? != 0 ] ; then\n    # print error to STDERR\n    echo \"error: The sandbox is not in sync with the Podfile.lock. Run 'pod install' or update your CocoaPods installation.\" >&2\n    exit 1\nfi\n# This output is used by Xcode 'outputs' to avoid re-running this script phase.\necho \"SUCCESS\" > \"${SCRIPT_OUTPUT_FILE_0}\"\n";
			showEnvVarsInLog = 0;
		};
/* End PBXShellScriptBuildPhase section */

/* Begin PBXSourcesBuildPhase section */
		BDE8B69E2A28A07600E8877C /* Sources */ = {
			isa = PBXSourcesBuildPhase;
			buildActionMask = 2147483647;
			files = (
				BDE8B6C72A28B3FA00E8877C /* ProfileViewController.swift in Sources */,
				BD55ADB22A2C794E00843DA7 /* CartViewCell.swift in Sources */,
				BDE8B6C32A28B3D900E8877C /* CatalogViewController.swift in Sources */,
				BDE8B6CB2A28C4F800E8877C /* Resources.swift in Sources */,
				BDE8B6C52A28B3EF00E8877C /* CartViewController.swift in Sources */,
				BD1E170F2A2B4E3A00D4E26A /* CatalogViewCell.swift in Sources */,
				BDE8B6C92A28B57600E8877C /* TabBarController.swift in Sources */,
				BDE8B6D02A28CECB00E8877C /* CatalogCard.swift in Sources */,
				BDE8B6A62A28A07600E8877C /* AppDelegate.swift in Sources */,
				BD55ADB02A2C4DED00843DA7 /* BigButton.swift in Sources */,
				BDE8B6A82A28A07600E8877C /* SceneDelegate.swift in Sources */,
				BD4A54222A30720900EED500 /* LinkOneViewController.swift in Sources */,
				BDE8B6CD2A28C64500E8877C /* UIColor + ext.swift in Sources */,
				BD49F33E2A2F9A6F004A7CF8 /* AccounInfoViewController.swift in Sources */,
				BD4A54242A30780900EED500 /* LinkTwoViewController.swift in Sources */,
				BD27969C2A34714F00F1D513 /* CartManager.swift in Sources */,
				BD49F33C2A2F22DE004A7CF8 /* BottomSheetController.swift in Sources */,
				BD27969A2A34688300F1D513 /* Products.swift in Sources */,
				BD49F3402A2FA730004A7CF8 /* ShoeSizeViewController.swift in Sources */,
				BD55ADB42A2CF41300843DA7 /* SmallButton.swift in Sources */,
			);
			runOnlyForDeploymentPostprocessing = 0;
		};
/* End PBXSourcesBuildPhase section */

/* Begin PBXVariantGroup section */
		BDE8B6B02A28A07800E8877C /* LaunchScreen.storyboard */ = {
			isa = PBXVariantGroup;
			children = (
				BDE8B6B12A28A07800E8877C /* Base */,
			);
			name = LaunchScreen.storyboard;
			sourceTree = "<group>";
		};
/* End PBXVariantGroup section */

/* Begin XCBuildConfiguration section */
		BDE8B6B42A28A07800E8877C /* Debug */ = {
			isa = XCBuildConfiguration;
			buildSettings = {
				ALWAYS_SEARCH_USER_PATHS = NO;
				CLANG_ANALYZER_NONNULL = YES;
				CLANG_ANALYZER_NUMBER_OBJECT_CONVERSION = YES_AGGRESSIVE;
				CLANG_CXX_LANGUAGE_STANDARD = "gnu++20";
				CLANG_ENABLE_MODULES = YES;
				CLANG_ENABLE_OBJC_ARC = YES;
				CLANG_ENABLE_OBJC_WEAK = YES;
				CLANG_WARN_BLOCK_CAPTURE_AUTORELEASING = YES;
				CLANG_WARN_BOOL_CONVERSION = YES;
				CLANG_WARN_COMMA = YES;
				CLANG_WARN_CONSTANT_CONVERSION = YES;
				CLANG_WARN_DEPRECATED_OBJC_IMPLEMENTATIONS = YES;
				CLANG_WARN_DIRECT_OBJC_ISA_USAGE = YES_ERROR;
				CLANG_WARN_DOCUMENTATION_COMMENTS = YES;
				CLANG_WARN_EMPTY_BODY = YES;
				CLANG_WARN_ENUM_CONVERSION = YES;
				CLANG_WARN_INFINITE_RECURSION = YES;
				CLANG_WARN_INT_CONVERSION = YES;
				CLANG_WARN_NON_LITERAL_NULL_CONVERSION = YES;
				CLANG_WARN_OBJC_IMPLICIT_RETAIN_SELF = YES;
				CLANG_WARN_OBJC_LITERAL_CONVERSION = YES;
				CLANG_WARN_OBJC_ROOT_CLASS = YES_ERROR;
				CLANG_WARN_QUOTED_INCLUDE_IN_FRAMEWORK_HEADER = YES;
				CLANG_WARN_RANGE_LOOP_ANALYSIS = YES;
				CLANG_WARN_STRICT_PROTOTYPES = YES;
				CLANG_WARN_SUSPICIOUS_MOVE = YES;
				CLANG_WARN_UNGUARDED_AVAILABILITY = YES_AGGRESSIVE;
				CLANG_WARN_UNREACHABLE_CODE = YES;
				CLANG_WARN__DUPLICATE_METHOD_MATCH = YES;
				COPY_PHASE_STRIP = NO;
				DEBUG_INFORMATION_FORMAT = dwarf;
				ENABLE_STRICT_OBJC_MSGSEND = YES;
				ENABLE_TESTABILITY = YES;
				GCC_C_LANGUAGE_STANDARD = gnu11;
				GCC_DYNAMIC_NO_PIC = NO;
				GCC_NO_COMMON_BLOCKS = YES;
				GCC_OPTIMIZATION_LEVEL = 0;
				GCC_PREPROCESSOR_DEFINITIONS = (
					"DEBUG=1",
					"$(inherited)",
				);
				GCC_WARN_64_TO_32_BIT_CONVERSION = YES;
				GCC_WARN_ABOUT_RETURN_TYPE = YES_ERROR;
				GCC_WARN_UNDECLARED_SELECTOR = YES;
				GCC_WARN_UNINITIALIZED_AUTOS = YES_AGGRESSIVE;
				GCC_WARN_UNUSED_FUNCTION = YES;
				GCC_WARN_UNUSED_VARIABLE = YES;
				IPHONEOS_DEPLOYMENT_TARGET = 16.2;
				MTL_ENABLE_DEBUG_INFO = INCLUDE_SOURCE;
				MTL_FAST_MATH = YES;
				ONLY_ACTIVE_ARCH = YES;
				SDKROOT = iphoneos;
				SWIFT_ACTIVE_COMPILATION_CONDITIONS = DEBUG;
				SWIFT_OPTIMIZATION_LEVEL = "-Onone";
			};
			name = Debug;
		};
		BDE8B6B52A28A07800E8877C /* Release */ = {
			isa = XCBuildConfiguration;
			buildSettings = {
				ALWAYS_SEARCH_USER_PATHS = NO;
				CLANG_ANALYZER_NONNULL = YES;
				CLANG_ANALYZER_NUMBER_OBJECT_CONVERSION = YES_AGGRESSIVE;
				CLANG_CXX_LANGUAGE_STANDARD = "gnu++20";
				CLANG_ENABLE_MODULES = YES;
				CLANG_ENABLE_OBJC_ARC = YES;
				CLANG_ENABLE_OBJC_WEAK = YES;
				CLANG_WARN_BLOCK_CAPTURE_AUTORELEASING = YES;
				CLANG_WARN_BOOL_CONVERSION = YES;
				CLANG_WARN_COMMA = YES;
				CLANG_WARN_CONSTANT_CONVERSION = YES;
				CLANG_WARN_DEPRECATED_OBJC_IMPLEMENTATIONS = YES;
				CLANG_WARN_DIRECT_OBJC_ISA_USAGE = YES_ERROR;
				CLANG_WARN_DOCUMENTATION_COMMENTS = YES;
				CLANG_WARN_EMPTY_BODY = YES;
				CLANG_WARN_ENUM_CONVERSION = YES;
				CLANG_WARN_INFINITE_RECURSION = YES;
				CLANG_WARN_INT_CONVERSION = YES;
				CLANG_WARN_NON_LITERAL_NULL_CONVERSION = YES;
				CLANG_WARN_OBJC_IMPLICIT_RETAIN_SELF = YES;
				CLANG_WARN_OBJC_LITERAL_CONVERSION = YES;
				CLANG_WARN_OBJC_ROOT_CLASS = YES_ERROR;
				CLANG_WARN_QUOTED_INCLUDE_IN_FRAMEWORK_HEADER = YES;
				CLANG_WARN_RANGE_LOOP_ANALYSIS = YES;
				CLANG_WARN_STRICT_PROTOTYPES = YES;
				CLANG_WARN_SUSPICIOUS_MOVE = YES;
				CLANG_WARN_UNGUARDED_AVAILABILITY = YES_AGGRESSIVE;
				CLANG_WARN_UNREACHABLE_CODE = YES;
				CLANG_WARN__DUPLICATE_METHOD_MATCH = YES;
				COPY_PHASE_STRIP = NO;
				DEBUG_INFORMATION_FORMAT = "dwarf-with-dsym";
				ENABLE_NS_ASSERTIONS = NO;
				ENABLE_STRICT_OBJC_MSGSEND = YES;
				GCC_C_LANGUAGE_STANDARD = gnu11;
				GCC_NO_COMMON_BLOCKS = YES;
				GCC_WARN_64_TO_32_BIT_CONVERSION = YES;
				GCC_WARN_ABOUT_RETURN_TYPE = YES_ERROR;
				GCC_WARN_UNDECLARED_SELECTOR = YES;
				GCC_WARN_UNINITIALIZED_AUTOS = YES_AGGRESSIVE;
				GCC_WARN_UNUSED_FUNCTION = YES;
				GCC_WARN_UNUSED_VARIABLE = YES;
				IPHONEOS_DEPLOYMENT_TARGET = 16.2;
				MTL_ENABLE_DEBUG_INFO = NO;
				MTL_FAST_MATH = YES;
				SDKROOT = iphoneos;
				SWIFT_COMPILATION_MODE = wholemodule;
				SWIFT_OPTIMIZATION_LEVEL = "-O";
				VALIDATE_PRODUCT = YES;
			};
			name = Release;
		};
		BDE8B6B72A28A07800E8877C /* Debug */ = {
			isa = XCBuildConfiguration;
			baseConfigurationReference = 62B9E7836E2EB52EBBE51697 /* Pods-SneakerStoreApp.debug.xcconfig */;
			buildSettings = {
				ASSETCATALOG_COMPILER_APPICON_NAME = AppIcon;
				ASSETCATALOG_COMPILER_GLOBAL_ACCENT_COLOR_NAME = AccentColor;
				CODE_SIGN_STYLE = Automatic;
				CURRENT_PROJECT_VERSION = 1;
				DEVELOPMENT_TEAM = MADC696R32;
				GENERATE_INFOPLIST_FILE = YES;
				INFOPLIST_FILE = SneakerStoreApp/Info.plist;
				INFOPLIST_KEY_UIApplicationSupportsIndirectInputEvents = YES;
				INFOPLIST_KEY_UILaunchStoryboardName = LaunchScreen;
				INFOPLIST_KEY_UIMainStoryboardFile = "";
				INFOPLIST_KEY_UISupportedInterfaceOrientations_iPad = "UIInterfaceOrientationPortrait UIInterfaceOrientationPortraitUpsideDown UIInterfaceOrientationLandscapeLeft UIInterfaceOrientationLandscapeRight";
				INFOPLIST_KEY_UISupportedInterfaceOrientations_iPhone = "UIInterfaceOrientationPortrait UIInterfaceOrientationLandscapeLeft UIInterfaceOrientationLandscapeRight";
				LD_RUNPATH_SEARCH_PATHS = (
					"$(inherited)",
					"@executable_path/Frameworks",
				);
				MARKETING_VERSION = 1.0;
				PRODUCT_BUNDLE_IDENTIFIER = "Akyl-Mukatay.SneakerStoreApp";
				PRODUCT_NAME = "$(TARGET_NAME)";
				SWIFT_EMIT_LOC_STRINGS = YES;
				SWIFT_VERSION = 5.0;
				TARGETED_DEVICE_FAMILY = "1,2";
			};
			name = Debug;
		};
		BDE8B6B82A28A07800E8877C /* Release */ = {
			isa = XCBuildConfiguration;
			baseConfigurationReference = 710E9D69A9CA6035EDD81814 /* Pods-SneakerStoreApp.release.xcconfig */;
			buildSettings = {
				ASSETCATALOG_COMPILER_APPICON_NAME = AppIcon;
				ASSETCATALOG_COMPILER_GLOBAL_ACCENT_COLOR_NAME = AccentColor;
				CODE_SIGN_STYLE = Automatic;
				CURRENT_PROJECT_VERSION = 1;
				DEVELOPMENT_TEAM = MADC696R32;
				GENERATE_INFOPLIST_FILE = YES;
				INFOPLIST_FILE = SneakerStoreApp/Info.plist;
				INFOPLIST_KEY_UIApplicationSupportsIndirectInputEvents = YES;
				INFOPLIST_KEY_UILaunchStoryboardName = LaunchScreen;
				INFOPLIST_KEY_UIMainStoryboardFile = "";
				INFOPLIST_KEY_UISupportedInterfaceOrientations_iPad = "UIInterfaceOrientationPortrait UIInterfaceOrientationPortraitUpsideDown UIInterfaceOrientationLandscapeLeft UIInterfaceOrientationLandscapeRight";
				INFOPLIST_KEY_UISupportedInterfaceOrientations_iPhone = "UIInterfaceOrientationPortrait UIInterfaceOrientationLandscapeLeft UIInterfaceOrientationLandscapeRight";
				LD_RUNPATH_SEARCH_PATHS = (
					"$(inherited)",
					"@executable_path/Frameworks",
				);
				MARKETING_VERSION = 1.0;
				PRODUCT_BUNDLE_IDENTIFIER = "Akyl-Mukatay.SneakerStoreApp";
				PRODUCT_NAME = "$(TARGET_NAME)";
				SWIFT_EMIT_LOC_STRINGS = YES;
				SWIFT_VERSION = 5.0;
				TARGETED_DEVICE_FAMILY = "1,2";
			};
			name = Release;
		};
/* End XCBuildConfiguration section */

/* Begin XCConfigurationList section */
		BDE8B69D2A28A07600E8877C /* Build configuration list for PBXProject "SneakerStoreApp" */ = {
			isa = XCConfigurationList;
			buildConfigurations = (
				BDE8B6B42A28A07800E8877C /* Debug */,
				BDE8B6B52A28A07800E8877C /* Release */,
			);
			defaultConfigurationIsVisible = 0;
			defaultConfigurationName = Release;
		};
		BDE8B6B62A28A07800E8877C /* Build configuration list for PBXNativeTarget "SneakerStoreApp" */ = {
			isa = XCConfigurationList;
			buildConfigurations = (
				BDE8B6B72A28A07800E8877C /* Debug */,
				BDE8B6B82A28A07800E8877C /* Release */,
			);
			defaultConfigurationIsVisible = 0;
			defaultConfigurationName = Release;
		};
/* End XCConfigurationList section */
	};
	rootObject = BDE8B69A2A28A07600E8877C /* Project object */;
}
